
Microsoft Visual Studio Solution File, Format Version 12.00
# Visual Studio Version 17
VisualStudioVersion = 17.6.33723.286
MinimumVisualStudioVersion = 10.0.40219.1
Project("{FAE04EC0-301F-11D3-BF4B-00C04F79EFBC}") = "CollectionOfCShapr", "CollectionOfCShapr\CollectionOfCShapr.csproj", "{A1181BF8-5819-4B45-A48F-804A2F262CBA}"
EndProject
Global
	GlobalSection(SolutionConfigurationPlatforms) = preSolution
		Debug|Any CPU = Debug|Any CPU
		Release|Any CPU = Release|Any CPU
	EndGlobalSection
	GlobalSection(ProjectConfigurationPlatforms) = postSolution
		{A1181BF8-5819-4B45-A48F-804A2F262CBA}.Debug|Any CPU.ActiveCfg = Debug|Any CPU
		{A1181BF8-5819-4B45-A48F-804A2F262CBA}.Debug|Any CPU.Build.0 = Debug|Any CPU
		{A1181BF8-5819-4B45-A48F-804A2F262CBA}.Release|Any CPU.ActiveCfg = Release|Any CPU
		{A1181BF8-5819-4B45-A48F-804A2F262CBA}.Release|Any CPU.Build.0 = Release|Any CPU
	EndGlobalSection
	GlobalSection(SolutionProperties) = preSolution
		HideSolutionNode = FALSE
	EndGlobalSection
	GlobalSection(ExtensibilityGlobals) = postSolution
		SolutionGuid = {EC68277A-FC15-4F81-A44C-D990914FFE3C}
	EndGlobalSection
EndGlobal
