
Microsoft Visual Studio Solution File, Format Version 12.00
# Visual Studio Version 17
VisualStudioVersion = 17.6.33723.286
MinimumVisualStudioVersion = 10.0.40219.1
Project("{FAE04EC0-301F-11D3-BF4B-00C04F79EFBC}") = "Generic", "Generic\Generic.csproj", "{18D12F0C-12EF-4ADE-8C89-830A4A0D58A6}"
EndProject
Global
	GlobalSection(SolutionConfigurationPlatforms) = preSolution
		Debug|Any CPU = Debug|Any CPU
		Release|Any CPU = Release|Any CPU
	EndGlobalSection
	GlobalSection(ProjectConfigurationPlatforms) = postSolution
		{18D12F0C-12EF-4ADE-8C89-830A4A0D58A6}.Debug|Any CPU.ActiveCfg = Debug|Any CPU
		{18D12F0C-12EF-4ADE-8C89-830A4A0D58A6}.Debug|Any CPU.Build.0 = Debug|Any CPU
		{18D12F0C-12EF-4ADE-8C89-830A4A0D58A6}.Release|Any CPU.ActiveCfg = Release|Any CPU
		{18D12F0C-12EF-4ADE-8C89-830A4A0D58A6}.Release|Any CPU.Build.0 = Release|Any CPU
	EndGlobalSection
	GlobalSection(SolutionProperties) = preSolution
		HideSolutionNode = FALSE
	EndGlobalSection
	GlobalSection(ExtensibilityGlobals) = postSolution
		SolutionGuid = {80BFDE58-CEA4-4EDA-A3A3-2719ADF74F09}
	EndGlobalSection
EndGlobal
